
Microsoft Visual Studio Solution File, Format Version 12.00
# Visual Studio 15
VisualStudioVersion = 15.0.26730.16
MinimumVisualStudioVersion = 10.0.40219.1
Project("{FAE04EC0-301F-11D3-BF4B-00C04F79EFBC}") = "FolderSync", "FolderSync\FolderSync.csproj", "{AF639391-B01E-4536-B1AC-1FB601DF2478}"
EndProject
Global
	GlobalSection(SolutionConfigurationPlatforms) = preSolution
		Debug|Any CPU = Debug|Any CPU
		Release|Any CPU = Release|Any CPU
	EndGlobalSection
	GlobalSection(ProjectConfigurationPlatforms) = postSolution
		{AF639391-B01E-4536-B1AC-1FB601DF2478}.Debug|Any CPU.ActiveCfg = Debug|Any CPU
		{AF639391-B01E-4536-B1AC-1FB601DF2478}.Debug|Any CPU.Build.0 = Debug|Any CPU
		{AF639391-B01E-4536-B1AC-1FB601DF2478}.Release|Any CPU.ActiveCfg = Release|Any CPU
		{AF639391-B01E-4536-B1AC-1FB601DF2478}.Release|Any CPU.Build.0 = Release|Any CPU
	EndGlobalSection
	GlobalSection(SolutionProperties) = preSolution
		HideSolutionNode = FALSE
	EndGlobalSection
	GlobalSection(ExtensibilityGlobals) = postSolution
		SolutionGuid = {A3CA1898-4231-474E-A4D3-802733D2EB54}
	EndGlobalSection
EndGlobal
