
Microsoft Visual Studio Solution File, Format Version 12.00
# Visual Studio Version 16
VisualStudioVersion = 16.0.33027.164
MinimumVisualStudioVersion = 10.0.40219.1
Project("{FAE04EC0-301F-11D3-BF4B-00C04F79EFBC}") = "FolderSyncTestApp", "FolderSyncTestApp\FolderSyncTestApp.csproj", "{1401F3D5-608E-4FDA-ACC3-A293C885CFD2}"
EndProject
Project("{FAE04EC0-301F-11D3-BF4B-00C04F79EFBC}") = "FolderSyncService", "FolderSyncService\FolderSyncService.csproj", "{1FB823EA-6CAB-489E-85DA-12252E05E12F}"
EndProject
Global
	GlobalSection(SolutionConfigurationPlatforms) = preSolution
		Debug|Any CPU = Debug|Any CPU
		Release|Any CPU = Release|Any CPU
	EndGlobalSection
	GlobalSection(ProjectConfigurationPlatforms) = postSolution
		{1401F3D5-608E-4FDA-ACC3-A293C885CFD2}.Debug|Any CPU.ActiveCfg = Debug|Any CPU
		{1401F3D5-608E-4FDA-ACC3-A293C885CFD2}.Debug|Any CPU.Build.0 = Debug|Any CPU
		{1401F3D5-608E-4FDA-ACC3-A293C885CFD2}.Release|Any CPU.ActiveCfg = Release|Any CPU
		{1401F3D5-608E-4FDA-ACC3-A293C885CFD2}.Release|Any CPU.Build.0 = Release|Any CPU
		{1FB823EA-6CAB-489E-85DA-12252E05E12F}.Debug|Any CPU.ActiveCfg = Debug|Any CPU
		{1FB823EA-6CAB-489E-85DA-12252E05E12F}.Debug|Any CPU.Build.0 = Debug|Any CPU
		{1FB823EA-6CAB-489E-85DA-12252E05E12F}.Release|Any CPU.ActiveCfg = Release|Any CPU
		{1FB823EA-6CAB-489E-85DA-12252E05E12F}.Release|Any CPU.Build.0 = Release|Any CPU
	EndGlobalSection
	GlobalSection(SolutionProperties) = preSolution
		HideSolutionNode = FALSE
	EndGlobalSection
	GlobalSection(ExtensibilityGlobals) = postSolution
		SolutionGuid = {CB281017-AC78-4D55-A436-10E97C263AC5}
	EndGlobalSection
EndGlobal
